// !$*UTF8*$!
{
	archiveVersion = 1;
	classes = {
	};
	objectVersion = 46;
	objects = {

/* Begin PBXBuildFile section */
		049600B71AC14647008467DC /* Foundation.framework in Frameworks */ = {isa = PBXBuildFile; fileRef = 049600B61AC14647008467DC /* Foundation.framework */; };
		049600B91AC14647008467DC /* CoreGraphics.framework in Frameworks */ = {isa = PBXBuildFile; fileRef = 049600B81AC14647008467DC /* CoreGraphics.framework */; };
		049600BB1AC14647008467DC /* UIKit.framework in Frameworks */ = {isa = PBXBuildFile; fileRef = 049600BA1AC14647008467DC /* UIKit.framework */; };
		049600C11AC14647008467DC /* InfoPlist.strings in Resources */ = {isa = PBXBuildFile; fileRef = 049600BF1AC14647008467DC /* InfoPlist.strings */; };
		049600C31AC14647008467DC /* main.m in Sources */ = {isa = PBXBuildFile; fileRef = 049600C21AC14647008467DC /* main.m */; };
		049600C71AC14647008467DC /* AppDelegate.m in Sources */ = {isa = PBXBuildFile; fileRef = 049600C61AC14647008467DC /* AppDelegate.m */; };
		049600CA1AC14647008467DC /* Main.storyboard in Resources */ = {isa = PBXBuildFile; fileRef = 049600C81AC14647008467DC /* Main.storyboard */; };
		049600CD1AC14647008467DC /* ViewController.m in Sources */ = {isa = PBXBuildFile; fileRef = 049600CC1AC14647008467DC /* ViewController.m */; };
		049600CF1AC14647008467DC /* Images.xcassets in Resources */ = {isa = PBXBuildFile; fileRef = 049600CE1AC14647008467DC /* Images.xcassets */; };
		049600D61AC14647008467DC /* XCTest.framework in Frameworks */ = {isa = PBXBuildFile; fileRef = 049600D51AC14647008467DC /* XCTest.framework */; };
		049600D71AC14647008467DC /* Foundation.framework in Frameworks */ = {isa = PBXBuildFile; fileRef = 049600B61AC14647008467DC /* Foundation.framework */; };
		049600D81AC14648008467DC /* UIKit.framework in Frameworks */ = {isa = PBXBuildFile; fileRef = 049600BA1AC14647008467DC /* UIKit.framework */; };
		049600E01AC14648008467DC /* InfoPlist.strings in Resources */ = {isa = PBXBuildFile; fileRef = 049600DE1AC14648008467DC /* InfoPlist.strings */; };
		049600E21AC14648008467DC /* Ellipse____Tests.m in Sources */ = {isa = PBXBuildFile; fileRef = 049600E11AC14648008467DC /* Ellipse____Tests.m */; };
		0496012F1AC150F9008467DC /* moon.jpg in Resources */ = {isa = PBXBuildFile; fileRef = 0496012D1AC150F9008467DC /* moon.jpg */; };
		049601311AC15545008467DC /* earth.jpg in Resources */ = {isa = PBXBuildFile; fileRef = 049601301AC15545008467DC /* earth.jpg */; };
/* End PBXBuildFile section */

/* Begin PBXContainerItemProxy section */
		049600D91AC14648008467DC /* PBXContainerItemProxy */ = {
			isa = PBXContainerItemProxy;
			containerPortal = 049600AB1AC14647008467DC /* Project object */;
			proxyType = 1;
			remoteGlobalIDString = 049600B21AC14647008467DC;
			remoteInfo = "Ellipse(练习)";
		};
/* End PBXContainerItemProxy section */

/* Begin PBXFileReference section */
		049600B31AC14647008467DC /* Ellipse(练习).app */ = {isa = PBXFileReference; explicitFileType = wrapper.application; includeInIndex = 0; path = "Ellipse(练习).app"; sourceTree = BUILT_PRODUCTS_DIR; };
		049600B61AC14647008467DC /* Foundation.framework */ = {isa = PBXFileReference; lastKnownFileType = wrapper.framework; name = Foundation.framework; path = System/Library/Frameworks/Foundation.framework; sourceTree = SDKROOT; };
		049600B81AC14647008467DC /* CoreGraphics.framework */ = {isa = PBXFileReference; lastKnownFileType = wrapper.framework; name = CoreGraphics.framework; path = System/Library/Frameworks/CoreGraphics.framework; sourceTree = SDKROOT; };
		049600BA1AC14647008467DC /* UIKit.framework */ = {isa = PBXFileReference; lastKnownFileType = wrapper.framework; name = UIKit.framework; path = System/Library/Frameworks/UIKit.framework; sourceTree = SDKROOT; };
		049600BE1AC14647008467DC /* Ellipse(练习)-Info.plist */ = {isa = PBXFileReference; lastKnownFileType = text.plist.xml; path = "Ellipse(练习)-Info.plist"; sourceTree = "<group>"; };
		049600C01AC14647008467DC /* en */ = {isa = PBXFileReference; lastKnownFileType = text.plist.strings; name = en; path = en.lproj/InfoPlist.strings; sourceTree = "<group>"; };
		049600C21AC14647008467DC /* main.m */ = {isa = PBXFileReference; lastKnownFileType = sourcecode.c.objc; path = main.m; sourceTree = "<group>"; };
		049600C41AC14647008467DC /* Ellipse(练习)-Prefix.pch */ = {isa = PBXFileReference; lastKnownFileType = sourcecode.c.h; path = "Ellipse(练习)-Prefix.pch"; sourceTree = "<group>"; };
		049600C51AC14647008467DC /* AppDelegate.h */ = {isa = PBXFileReference; lastKnownFileType = sourcecode.c.h; path = AppDelegate.h; sourceTree = "<group>"; };
		049600C61AC14647008467DC /* AppDelegate.m */ = {isa = PBXFileReference; lastKnownFileType = sourcecode.c.objc; path = AppDelegate.m; sourceTree = "<group>"; };
		049600C91AC14647008467DC /* Base */ = {isa = PBXFileReference; lastKnownFileType = file.storyboard; name = Base; path = Base.lproj/Main.storyboard; sourceTree = "<group>"; };
		049600CB1AC14647008467DC /* ViewController.h */ = {isa = PBXFileReference; lastKnownFileType = sourcecode.c.h; path = ViewController.h; sourceTree = "<group>"; };
		049600CC1AC14647008467DC /* ViewController.m */ = {isa = PBXFileReference; lastKnownFileType = sourcecode.c.objc; path = ViewController.m; sourceTree = "<group>"; };
		049600CE1AC14647008467DC /* Images.xcassets */ = {isa = PBXFileReference; lastKnownFileType = folder.assetcatalog; path = Images.xcassets; sourceTree = "<group>"; };
		049600D41AC14647008467DC /* Ellipse(练习)Tests.xctest */ = {isa = PBXFileReference; explicitFileType = wrapper.cfbundle; includeInIndex = 0; path = "Ellipse(练习)Tests.xctest"; sourceTree = BUILT_PRODUCTS_DIR; };
		049600D51AC14647008467DC /* XCTest.framework */ = {isa = PBXFileReference; lastKnownFileType = wrapper.framework; name = XCTest.framework; path = Library/Frameworks/XCTest.framework; sourceTree = DEVELOPER_DIR; };
		049600DD1AC14648008467DC /* Ellipse(练习)Tests-Info.plist */ = {isa = PBXFileReference; lastKnownFileType = text.plist.xml; path = "Ellipse(练习)Tests-Info.plist"; sourceTree = "<group>"; };
		049600DF1AC14648008467DC /* en */ = {isa = PBXFileReference; lastKnownFileType = text.plist.strings; name = en; path = en.lproj/InfoPlist.strings; sourceTree = "<group>"; };
		049600E11AC14648008467DC /* Ellipse____Tests.m */ = {isa = PBXFileReference; lastKnownFileType = sourcecode.c.objc; path = "Ellipse____Tests.m"; sourceTree = "<group>"; };
		0496012D1AC150F9008467DC /* moon.jpg */ = {isa = PBXFileReference; lastKnownFileType = image.jpeg; path = moon.jpg; sourceTree = "<group>"; };
		049601301AC15545008467DC /* earth.jpg */ = {isa = PBXFileReference; lastKnownFileType = image.jpeg; path = earth.jpg; sourceTree = "<group>"; };
/* End PBXFileReference section */

/* Begin PBXFrameworksBuildPhase section */
		049600B01AC14647008467DC /* Frameworks */ = {
			isa = PBXFrameworksBuildPhase;
			buildActionMask = 2147483647;
			files = (
				049600B91AC14647008467DC /* CoreGraphics.framework in Frameworks */,
				049600BB1AC14647008467DC /* UIKit.framework in Frameworks */,
				049600B71AC14647008467DC /* Foundation.framework in Frameworks */,
			);
			runOnlyForDeploymentPostprocessing = 0;
		};
		049600D11AC14647008467DC /* Frameworks */ = {
			isa = PBXFrameworksBuildPhase;
			buildActionMask = 2147483647;
			files = (
				049600D61AC14647008467DC /* XCTest.framework in Frameworks */,
				049600D81AC14648008467DC /* UIKit.framework in Frameworks */,
				049600D71AC14647008467DC /* Foundation.framework in Frameworks */,
			);
			runOnlyForDeploymentPostprocessing = 0;
		};
/* End PBXFrameworksBuildPhase section */

/* Begin PBXGroup section */
		049600AA1AC14647008467DC = {
			isa = PBXGroup;
			children = (
				049600BC1AC14647008467DC /* Ellipse(练习) */,
				049600DB1AC14648008467DC /* Ellipse(练习)Tests */,
				049600B51AC14647008467DC /* Frameworks */,
				049600B41AC14647008467DC /* Products */,
			);
			sourceTree = "<group>";
		};
		049600B41AC14647008467DC /* Products */ = {
			isa = PBXGroup;
			children = (
				049600B31AC14647008467DC /* Ellipse(练习).app */,
				049600D41AC14647008467DC /* Ellipse(练习)Tests.xctest */,
			);
			name = Products;
			sourceTree = "<group>";
		};
		049600B51AC14647008467DC /* Frameworks */ = {
			isa = PBXGroup;
			children = (
				049600B61AC14647008467DC /* Foundation.framework */,
				049600B81AC14647008467DC /* CoreGraphics.framework */,
				049600BA1AC14647008467DC /* UIKit.framework */,
				049600D51AC14647008467DC /* XCTest.framework */,
			);
			name = Frameworks;
			sourceTree = "<group>";
		};
		049600BC1AC14647008467DC /* Ellipse(练习) */ = {
			isa = PBXGroup;
			children = (
				049601301AC15545008467DC /* earth.jpg */,
				0496012D1AC150F9008467DC /* moon.jpg */,
				049600C51AC14647008467DC /* AppDelegate.h */,
				049600C61AC14647008467DC /* AppDelegate.m */,
				049600C81AC14647008467DC /* Main.storyboard */,
				049600CB1AC14647008467DC /* ViewController.h */,
				049600CC1AC14647008467DC /* ViewController.m */,
				049600CE1AC14647008467DC /* Images.xcassets */,
				049600BD1AC14647008467DC /* Supporting Files */,
			);
			path = "Ellipse(练习)";
			sourceTree = "<group>";
		};
		049600BD1AC14647008467DC /* Supporting Files */ = {
			isa = PBXGroup;
			children = (
				049600BE1AC14647008467DC /* Ellipse(练习)-Info.plist */,
				049600BF1AC14647008467DC /* InfoPlist.strings */,
				049600C21AC14647008467DC /* main.m */,
				049600C41AC14647008467DC /* Ellipse(练习)-Prefix.pch */,
			);
			name = "Supporting Files";
			sourceTree = "<group>";
		};
		049600DB1AC14648008467DC /* Ellipse(练习)Tests */ = {
			isa = PBXGroup;
			children = (
				049600E11AC14648008467DC /* Ellipse____Tests.m */,
				049600DC1AC14648008467DC /* Supporting Files */,
			);
			path = "Ellipse(练习)Tests";
			sourceTree = "<group>";
		};
		049600DC1AC14648008467DC /* Supporting Files */ = {
			isa = PBXGroup;
			children = (
				049600DD1AC14648008467DC /* Ellipse(练习)Tests-Info.plist */,
				049600DE1AC14648008467DC /* InfoPlist.strings */,
			);
			name = "Supporting Files";
			sourceTree = "<group>";
		};
/* End PBXGroup section */

/* Begin PBXNativeTarget section */
		049600B21AC14647008467DC /* Ellipse(练习) */ = {
			isa = PBXNativeTarget;
			buildConfigurationList = 049600E51AC14648008467DC /* Build configuration list for PBXNativeTarget "Ellipse(练习)" */;
			buildPhases = (
				049600AF1AC14647008467DC /* Sources */,
				049600B01AC14647008467DC /* Frameworks */,
				049600B11AC14647008467DC /* Resources */,
			);
			buildRules = (
			);
			dependencies = (
			);
			name = "Ellipse(练习)";
			productName = "Ellipse(练习)";
			productReference = 049600B31AC14647008467DC /* Ellipse(练习).app */;
			productType = "com.apple.product-type.application";
		};
		049600D31AC14647008467DC /* Ellipse(练习)Tests */ = {
			isa = PBXNativeTarget;
			buildConfigurationList = 049600E81AC14648008467DC /* Build configuration list for PBXNativeTarget "Ellipse(练习)Tests" */;
			buildPhases = (
				049600D01AC14647008467DC /* Sources */,
				049600D11AC14647008467DC /* Frameworks */,
				049600D21AC14647008467DC /* Resources */,
			);
			buildRules = (
			);
			dependencies = (
				049600DA1AC14648008467DC /* PBXTargetDependency */,
			);
			name = "Ellipse(练习)Tests";
			productName = "Ellipse(练习)Tests";
			productReference = 049600D41AC14647008467DC /* Ellipse(练习)Tests.xctest */;
			productType = "com.apple.product-type.bundle.unit-test";
		};
/* End PBXNativeTarget section */

/* Begin PBXProject section */
		049600AB1AC14647008467DC /* Project object */ = {
			isa = PBXProject;
			attributes = {
				LastUpgradeCheck = 0510;
				ORGANIZATIONNAME = zhiyou;
				TargetAttributes = {
					049600D31AC14647008467DC = {
						TestTargetID = 049600B21AC14647008467DC;
					};
				};
			};
			buildConfigurationList = 049600AE1AC14647008467DC /* Build configuration list for PBXProject "Ellipse(练习)" */;
			compatibilityVersion = "Xcode 3.2";
			developmentRegion = English;
			hasScannedForEncodings = 0;
			knownRegions = (
				en,
				Base,
			);
			mainGroup = 049600AA1AC14647008467DC;
			productRefGroup = 049600B41AC14647008467DC /* Products */;
			projectDirPath = "";
			projectRoot = "";
			targets = (
				049600B21AC14647008467DC /* Ellipse(练习) */,
				049600D31AC14647008467DC /* Ellipse(练习)Tests */,
			);
		};
/* End PBXProject section */

/* Begin PBXResourcesBuildPhase section */
		049600B11AC14647008467DC /* Resources */ = {
			isa = PBXResourcesBuildPhase;
			buildActionMask = 2147483647;
			files = (
				0496012F1AC150F9008467DC /* moon.jpg in Resources */,
				049601311AC15545008467DC /* earth.jpg in Resources */,
				049600CF1AC14647008467DC /* Images.xcassets in Resources */,
				049600C11AC14647008467DC /* InfoPlist.strings in Resources */,
				049600CA1AC14647008467DC /* Main.storyboard in Resources */,
			);
			runOnlyForDeploymentPostprocessing = 0;
		};
		049600D21AC14647008467DC /* Resources */ = {
			isa = PBXResourcesBuildPhase;
			buildActionMask = 2147483647;
			files = (
				049600E01AC14648008467DC /* InfoPlist.strings in Resources */,
			);
			runOnlyForDeploymentPostprocessing = 0;
		};
/* End PBXResourcesBuildPhase section */

/* Begin PBXSourcesBuildPhase section */
		049600AF1AC14647008467DC /* Sources */ = {
			isa = PBXSourcesBuildPhase;
			buildActionMask = 2147483647;
			files = (
				049600CD1AC14647008467DC /* ViewController.m in Sources */,
				049600C71AC14647008467DC /* AppDelegate.m in Sources */,
				049600C31AC14647008467DC /* main.m in Sources */,
			);
			runOnlyForDeploymentPostprocessing = 0;
		};
		049600D01AC14647008467DC /* Sources */ = {
			isa = PBXSourcesBuildPhase;
			buildActionMask = 2147483647;
			files = (
				049600E21AC14648008467DC /* Ellipse____Tests.m in Sources */,
			);
			runOnlyForDeploymentPostprocessing = 0;
		};
/* End PBXSourcesBuildPhase section */

/* Begin PBXTargetDependency section */
		049600DA1AC14648008467DC /* PBXTargetDependency */ = {
			isa = PBXTargetDependency;
			target = 049600B21AC14647008467DC /* Ellipse(练习) */;
			targetProxy = 049600D91AC14648008467DC /* PBXContainerItemProxy */;
		};
/* End PBXTargetDependency section */

/* Begin PBXVariantGroup section */
		049600BF1AC14647008467DC /* InfoPlist.strings */ = {
			isa = PBXVariantGroup;
			children = (
				049600C01AC14647008467DC /* en */,
			);
			name = InfoPlist.strings;
			sourceTree = "<group>";
		};
		049600C81AC14647008467DC /* Main.storyboard */ = {
			isa = PBXVariantGroup;
			children = (
				049600C91AC14647008467DC /* Base */,
			);
			name = Main.storyboard;
			sourceTree = "<group>";
		};
		049600DE1AC14648008467DC /* InfoPlist.strings */ = {
			isa = PBXVariantGroup;
			children = (
				049600DF1AC14648008467DC /* en */,
			);
			name = InfoPlist.strings;
			sourceTree = "<group>";
		};
/* End PBXVariantGroup section */

/* Begin XCBuildConfiguration section */
		049600E31AC14648008467DC /* Debug */ = {
			isa = XCBuildConfiguration;
			buildSettings = {
				ALWAYS_SEARCH_USER_PATHS = NO;
				CLANG_CXX_LANGUAGE_STANDARD = "gnu++0x";
				CLANG_CXX_LIBRARY = "libc++";
				CLANG_ENABLE_MODULES = YES;
				CLANG_ENABLE_OBJC_ARC = YES;
				CLANG_WARN_BOOL_CONVERSION = YES;
				CLANG_WARN_CONSTANT_CONVERSION = YES;
				CLANG_WARN_DIRECT_OBJC_ISA_USAGE = YES_ERROR;
				CLANG_WARN_EMPTY_BODY = YES;
				CLANG_WARN_ENUM_CONVERSION = YES;
				CLANG_WARN_INT_CONVERSION = YES;
				CLANG_WARN_OBJC_ROOT_CLASS = YES_ERROR;
				CLANG_WARN__DUPLICATE_METHOD_MATCH = YES;
				"CODE_SIGN_IDENTITY[sdk=iphoneos*]" = "iPhone Developer";
				COPY_PHASE_STRIP = NO;
				GCC_C_LANGUAGE_STANDARD = gnu99;
				GCC_DYNAMIC_NO_PIC = NO;
				GCC_OPTIMIZATION_LEVEL = 0;
				GCC_PREPROCESSOR_DEFINITIONS = (
					"DEBUG=1",
					"$(inherited)",
				);
				GCC_SYMBOLS_PRIVATE_EXTERN = NO;
				GCC_WARN_64_TO_32_BIT_CONVERSION = YES;
				GCC_WARN_ABOUT_RETURN_TYPE = YES_ERROR;
				GCC_WARN_UNDECLARED_SELECTOR = YES;
				GCC_WARN_UNINITIALIZED_AUTOS = YES_AGGRESSIVE;
				GCC_WARN_UNUSED_FUNCTION = YES;
				GCC_WARN_UNUSED_VARIABLE = YES;
				IPHONEOS_DEPLOYMENT_TARGET = 7.1;
				ONLY_ACTIVE_ARCH = YES;
				SDKROOT = iphoneos;
			};
			name = Debug;
		};
		049600E41AC14648008467DC /* Release */ = {
			isa = XCBuildConfiguration;
			buildSettings = {
				ALWAYS_SEARCH_USER_PATHS = NO;
				CLANG_CXX_LANGUAGE_STANDARD = "gnu++0x";
				CLANG_CXX_LIBRARY = "libc++";
				CLANG_ENABLE_MODULES = YES;
				CLANG_ENABLE_OBJC_ARC = YES;
				CLANG_WARN_BOOL_CONVERSION = YES;
				CLANG_WARN_CONSTANT_CONVERSION = YES;
				CLANG_WARN_DIRECT_OBJC_ISA_USAGE = YES_ERROR;
				CLANG_WARN_EMPTY_BODY = YES;
				CLANG_WARN_ENUM_CONVERSION = YES;
				CLANG_WARN_INT_CONVERSION = YES;
				CLANG_WARN_OBJC_ROOT_CLASS = YES_ERROR;
				CLANG_WARN__DUPLICATE_METHOD_MATCH = YES;
				"CODE_SIGN_IDENTITY[sdk=iphoneos*]" = "iPhone Developer";
				COPY_PHASE_STRIP = YES;
				ENABLE_NS_ASSERTIONS = NO;
				GCC_C_LANGUAGE_STANDARD = gnu99;
				GCC_WARN_64_TO_32_BIT_CONVERSION = YES;
				GCC_WARN_ABOUT_RETURN_TYPE = YES_ERROR;
				GCC_WARN_UNDECLARED_SELECTOR = YES;
				GCC_WARN_UNINITIALIZED_AUTOS = YES_AGGRESSIVE;
				GCC_WARN_UNUSED_FUNCTION = YES;
				GCC_WARN_UNUSED_VARIABLE = YES;
				IPHONEOS_DEPLOYMENT_TARGET = 7.1;
				SDKROOT = iphoneos;
				VALIDATE_PRODUCT = YES;
			};
			name = Release;
		};
		049600E61AC14648008467DC /* Debug */ = {
			isa = XCBuildConfiguration;
			buildSettings = {
				ASSETCATALOG_COMPILER_APPICON_NAME = AppIcon;
				ASSETCATALOG_COMPILER_LAUNCHIMAGE_NAME = LaunchImage;
				GCC_PRECOMPILE_PREFIX_HEADER = YES;
				GCC_PREFIX_HEADER = "Ellipse(练习)/Ellipse(练习)-Prefix.pch";
				INFOPLIST_FILE = "Ellipse(练习)/Ellipse(练习)-Info.plist";
				PRODUCT_NAME = "$(TARGET_NAME)";
				WRAPPER_EXTENSION = app;
			};
			name = Debug;
		};
		049600E71AC14648008467DC /* Release */ = {
			isa = XCBuildConfiguration;
			buildSettings = {
				ASSETCATALOG_COMPILER_APPICON_NAME = AppIcon;
				ASSETCATALOG_COMPILER_LAUNCHIMAGE_NAME = LaunchImage;
				GCC_PRECOMPILE_PREFIX_HEADER = YES;
				GCC_PREFIX_HEADER = "Ellipse(练习)/Ellipse(练习)-Prefix.pch";
				INFOPLIST_FILE = "Ellipse(练习)/Ellipse(练习)-Info.plist";
				PRODUCT_NAME = "$(TARGET_NAME)";
				WRAPPER_EXTENSION = app;
			};
			name = Release;
		};
		049600E91AC14648008467DC /* Debug */ = {
			isa = XCBuildConfiguration;
			buildSettings = {
				BUNDLE_LOADER = "$(BUILT_PRODUCTS_DIR)/Ellipse(练习).app/Ellipse(练习)";
				FRAMEWORK_SEARCH_PATHS = (
					"$(SDKROOT)/Developer/Library/Frameworks",
					"$(inherited)",
					"$(DEVELOPER_FRAMEWORKS_DIR)",
				);
				GCC_PRECOMPILE_PREFIX_HEADER = YES;
				GCC_PREFIX_HEADER = "Ellipse(练习)/Ellipse(练习)-Prefix.pch";
				GCC_PREPROCESSOR_DEFINITIONS = (
					"DEBUG=1",
					"$(inherited)",
				);
				INFOPLIST_FILE = "Ellipse(练习)Tests/Ellipse(练习)Tests-Info.plist";
				PRODUCT_NAME = "$(TARGET_NAME)";
				TEST_HOST = "$(BUNDLE_LOADER)";
				WRAPPER_EXTENSION = xctest;
			};
			name = Debug;
		};
		049600EA1AC14648008467DC /* Release */ = {
			isa = XCBuildConfiguration;
			buildSettings = {
				BUNDLE_LOADER = "$(BUILT_PRODUCTS_DIR)/Ellipse(练习).app/Ellipse(练习)";
				FRAMEWORK_SEARCH_PATHS = (
					"$(SDKROOT)/Developer/Library/Frameworks",
					"$(inherited)",
					"$(DEVELOPER_FRAMEWORKS_DIR)",
				);
				GCC_PRECOMPILE_PREFIX_HEADER = YES;
				GCC_PREFIX_HEADER = "Ellipse(练习)/Ellipse(练习)-Prefix.pch";
				INFOPLIST_FILE = "Ellipse(练习)Tests/Ellipse(练习)Tests-Info.plist";
				PRODUCT_NAME = "$(TARGET_NAME)";
				TEST_HOST = "$(BUNDLE_LOADER)";
				WRAPPER_EXTENSION = xctest;
			};
			name = Release;
		};
/* End XCBuildConfiguration section */

/* Begin XCConfigurationList section */
		049600AE1AC14647008467DC /* Build configuration list for PBXProject "Ellipse(练习)" */ = {
			isa = XCConfigurationList;
			buildConfigurations = (
				049600E31AC14648008467DC /* Debug */,
				049600E41AC14648008467DC /* Release */,
			);
			defaultConfigurationIsVisible = 0;
			defaultConfigurationName = Release;
		};
		049600E51AC14648008467DC /* Build configuration list for PBXNativeTarget "Ellipse(练习)" */ = {
			isa = XCConfigurationList;
			buildConfigurations = (
				049600E61AC14648008467DC /* Debug */,
				049600E71AC14648008467DC /* Release */,
			);
			defaultConfigurationIsVisible = 0;
			defaultConfigurationName = Release;
		};
		049600E81AC14648008467DC /* Build configuration list for PBXNativeTarget "Ellipse(练习)Tests" */ = {
			isa = XCConfigurationList;
			buildConfigurations = (
				049600E91AC14648008467DC /* Debug */,
				049600EA1AC14648008467DC /* Release */,
			);
			defaultConfigurationIsVisible = 0;
			defaultConfigurationName = Release;
		};
/* End XCConfigurationList section */
	};
	rootObject = 049600AB1AC14647008467DC /* Project object */;
}
